
Microsoft Visual Studio Solution File, Format Version 12.00
Project("{FAE04EC0-301F-11D3-BF4B-00C04F79EFBC}") = "Autoscaler", "Autoscaler/Autoscaler.csproj", "{3C20A336-B7FE-4BCF-A5B1-566C0AA36454}"
EndProject
Global
	GlobalSection(SolutionConfigurationPlatforms) = preSolution
		Debug|Any CPU = Debug|Any CPU
		Release|Any CPU = Release|Any CPU
	EndGlobalSection
	GlobalSection(ProjectConfigurationPlatforms) = postSolution
		{3C20A336-B7FE-4BCF-A5B1-566C0AA36454}.Debug|Any CPU.ActiveCfg = Debug|Any CPU
		{3C20A336-B7FE-4BCF-A5B1-566C0AA36454}.Debug|Any CPU.Build.0 = Debug|Any CPU
		{3C20A336-B7FE-4BCF-A5B1-566C0AA36454}.Release|Any CPU.ActiveCfg = Release|Any CPU
		{3C20A336-B7FE-4BCF-A5B1-566C0AA36454}.Release|Any CPU.Build.0 = Release|Any CPU
	EndGlobalSection
EndGlobal
